{
  "name": "processing-lsp-client",
  "version": "0.0.1",
  "lockfileVersion": 2,
  "requires": true,
  "packages": {
    "": {
      "name": "processing-lsp-client",
      "version": "0.0.1",
      "hasInstallScript": true,
      "license": "MIT",
      "dependencies": {
        "vscode-languageclient": "^4.1.4"
      },
      "devDependencies": {
        "@types/vscode": "^1.23.0"
      },
      "engines": {
        "vscode": "^1.60.0"
      }
    },
    "node_modules/@types/vscode": {
      "version": "1.23.0",
      "resolved": "https://registry.npmjs.org/@types/vscode/-/vscode-1.23.0.tgz",
      "integrity": "sha512-gMIEQTtt84M2PglQ8pmuanc9I8TZIHkK9bWz8teandxZX5o+gGGdbt0bfA5OMtotDqf3Ni+iRW5YaZCJFzJ07A==",
      "dev": true
    },
    "node_modules/vscode-jsonrpc": {
      "version": "3.6.2",
      "resolved": "https://registry.npmjs.org/vscode-jsonrpc/-/vscode-jsonrpc-3.6.2.tgz",
      "integrity": "sha512-T24Jb5V48e4VgYliUXMnZ379ItbrXgOimweKaJshD84z+8q7ZOZjJan0MeDe+Ugb+uqERDVV8SBmemaGMSMugA==",
      "engines": {
        "node": ">=4.0.0 || >=6.0.0"
      }
    },
    "node_modules/vscode-languageclient": {
      "version": "4.1.4",
      "resolved": "https://registry.npmjs.org/vscode-languageclient/-/vscode-languageclient-4.1.4.tgz",
      "integrity": "sha512-V2fWd+2vm8wmShjgciBxovMzSXMzBFtQo2R6OIW5kJIynds6x0J3SwMNa3QKAmhsCDy3WmBwnplBGtyGNNnvPA==",
      "dependencies": {
        "vscode-languageserver-protocol": "^3.7.2"
      },
      "engines": {
        "vscode": "^1.22"
      }
    },
    "node_modules/vscode-languageserver-protocol": {
      "version": "3.7.2",
      "resolved": "https://registry.npmjs.org/vscode-languageserver-protocol/-/vscode-languageserver-protocol-3.7.2.tgz",
      "integrity": "sha512-VVJwIA/FPl/FnVtrns0FPK6TLi/ET7n1Yo6tCrm6aG7+yAVwIGWdpTmKE+nbP8wEMMbHCkIabk63IJvfz2HNRg==",
      "dependencies": {
        "vscode-jsonrpc": "^3.6.2",
        "vscode-languageserver-types": "^3.7.2"
      }
    },
    "node_modules/vscode-languageserver-types": {
      "version": "3.7.2",
      "resolved": "https://registry.npmjs.org/vscode-languageserver-types/-/vscode-languageserver-types-3.7.2.tgz",
      "integrity": "sha512-L9D2RA+PDS2CiyhLQY5ZrOmyRvXyjc4Ha8s9PqS6mIgGxj00R5Xx2vLKBnAOVfrawJXYZST+2hioMks6SQVU7A=="
    }
  },
  "dependencies": {
    "@types/vscode": {
      "version": "1.23.0",
      "resolved": "https://registry.npmjs.org/@types/vscode/-/vscode-1.23.0.tgz",
      "integrity": "sha512-gMIEQTtt84M2PglQ8pmuanc9I8TZIHkK9bWz8teandxZX5o+gGGdbt0bfA5OMtotDqf3Ni+iRW5YaZCJFzJ07A==",
      "dev": true
    },
    "vscode-jsonrpc": {
      "version": "3.6.2",
      "resolved": "https://registry.npmjs.org/vscode-jsonrpc/-/vscode-jsonrpc-3.6.2.tgz",
      "integrity": "sha512-T24Jb5V48e4VgYliUXMnZ379ItbrXgOimweKaJshD84z+8q7ZOZjJan0MeDe+Ugb+uqERDVV8SBmemaGMSMugA=="
    },
    "vscode-languageclient": {
      "version": "4.1.4",
      "resolved": "https://registry.npmjs.org/vscode-languageclient/-/vscode-languageclient-4.1.4.tgz",
      "integrity": "sha512-V2fWd+2vm8wmShjgciBxovMzSXMzBFtQo2R6OIW5kJIynds6x0J3SwMNa3QKAmhsCDy3WmBwnplBGtyGNNnvPA==",
      "requires": {
        "vscode-languageserver-protocol": "^3.7.2"
      }
    },
    "vscode-languageserver-protocol": {
      "version": "3.7.2",
      "resolved": "https://registry.npmjs.org/vscode-languageserver-protocol/-/vscode-languageserver-protocol-3.7.2.tgz",
      "integrity": "sha512-VVJwIA/FPl/FnVtrns0FPK6TLi/ET7n1Yo6tCrm6aG7+yAVwIGWdpTmKE+nbP8wEMMbHCkIabk63IJvfz2HNRg==",
      "requires": {
        "vscode-jsonrpc": "^3.6.2",
        "vscode-languageserver-types": "^3.7.2"
      }
    },
    "vscode-languageserver-types": {
      "version": "3.7.2",
      "resolved": "https://registry.npmjs.org/vscode-languageserver-types/-/vscode-languageserver-types-3.7.2.tgz",
      "integrity": "sha512-L9D2RA+PDS2CiyhLQY5ZrOmyRvXyjc4Ha8s9PqS6mIgGxj00R5Xx2vLKBnAOVfrawJXYZST+2hioMks6SQVU7A=="
    }
  }
}
