{
  "name": "processing-lsp",
  "version": "1.0.0",
  "lockfileVersion": 3,
  "requires": true,
  "packages": {
    "": {
      "name": "processing-lsp",
      "version": "1.0.0",
      "hasInstallScript": true,
      "license": "MIT",
      "dependencies": {
        "@types/vscode": "^1.23.0"
      },
      "devDependencies": {
        "@types/mocha": "^10.0.1",
        "@types/node": "^20.4.5",
        "typescript": "^5.2.0-dev.20230730"
      },
      "engines": {
        "vscode": "^1.23.0"
      }
    },
    "node_modules/@types/mocha": {
      "version": "10.0.1",
      "resolved": "https://registry.npmjs.org/@types/mocha/-/mocha-10.0.1.tgz",
      "integrity": "sha512-/fvYntiO1GeICvqbQ3doGDIP97vWmvFt83GKguJ6prmQM2iXZfFcq6YE8KteFyRtX2/h5Hf91BYvPodJKFYv5Q==",
      "dev": true
    },
    "node_modules/@types/node": {
      "version": "20.4.5",
      "resolved": "https://registry.npmjs.org/@types/node/-/node-20.4.5.tgz",
      "integrity": "sha512-rt40Nk13II9JwQBdeYqmbn2Q6IVTA5uPhvSO+JVqdXw/6/4glI6oR9ezty/A9Hg5u7JH4OmYmuQ+XvjKm0Datg==",
      "dev": true
    },
    "node_modules/@types/vscode": {
      "version": "1.23.0",
      "resolved": "https://registry.npmjs.org/@types/vscode/-/vscode-1.23.0.tgz",
      "integrity": "sha512-gMIEQTtt84M2PglQ8pmuanc9I8TZIHkK9bWz8teandxZX5o+gGGdbt0bfA5OMtotDqf3Ni+iRW5YaZCJFzJ07A=="
    },
    "node_modules/typescript": {
      "version": "5.2.0-dev.20230730",
      "resolved": "https://registry.npmjs.org/typescript/-/typescript-5.2.0-dev.20230730.tgz",
      "integrity": "sha512-Un+AAI0hEctoChFvndwcw3Ygv9FxR/DkfohcAQu9bipcFWkCS2QqOHtFNO2r6mu+BAQ23QwArto2GSLp6I6Y7w==",
      "dev": true,
      "bin": {
        "tsc": "bin/tsc",
        "tsserver": "bin/tsserver"
      },
      "engines": {
        "node": ">=14.17"
      }
    }
  }
}
