{
  "name": "processing-lsp-server",
  "version": "0.0.1",
  "lockfileVersion": 3,
  "requires": true,
  "packages": {
    "": {
      "name": "processing-lsp-server",
      "version": "0.0.1",
      "license": "MIT",
      "dependencies": {
        "@xmcl/asm": "^1.0.0",
        "adm-zip": "^0.5.10",
        "antlr4": "^4.13.0",
        "antlr4-c3": "^3.0.1",
        "bytebuffer": "^5.0.1",
        "java-class-tools": "^1.3.2",
        "rxjs": "^6.6.3",
        "vscode-languageserver": "^8.2.0-next.2",
        "vscode-languageserver-textdocument": "^1.0.10"
      },
      "devDependencies": {
        "@types/adm-zip": "^0.5.0",
        "@types/bytebuffer": "^5.0.44",
        "@types/java": "^0.5.27",
        "@types/node": "^18.17.1"
      },
      "engines": {
        "node": "*"
      }
    },
    "node_modules/@types/adm-zip": {
      "version": "0.5.0",
      "resolved": "https://registry.npmjs.org/@types/adm-zip/-/adm-zip-0.5.0.tgz",
      "integrity": "sha512-FCJBJq9ODsQZUNURo5ILAQueuA8WJhRvuihS3ke2iI25mJlfV2LK8jG2Qj2z2AWg8U0FtWWqBHVRetceLskSaw==",
      "dev": true,
      "dependencies": {
        "@types/node": "*"
      }
    },
    "node_modules/@types/bytebuffer": {
      "version": "5.0.44",
      "resolved": "https://registry.npmjs.org/@types/bytebuffer/-/bytebuffer-5.0.44.tgz",
      "integrity": "sha512-k1qonHga/SfQT02NF633i+7tIfKd+cfC/8pjnedcfuXJNMWooss/FkCgRMSnLf2WorLjbuH4bfgAZEbtyHBDoQ==",
      "dev": true,
      "dependencies": {
        "@types/long": "^3.0.0",
        "@types/node": "*"
      }
    },
    "node_modules/@types/java": {
      "version": "0.5.27",
      "resolved": "https://registry.npmjs.org/@types/java/-/java-0.5.27.tgz",
      "integrity": "sha512-Q/5tbQ5WbG8U2ReawwIquAHxaX3J07q/wHFcU7+Mbf0UpRe9QEXZj51hRMx5bgcgFBr5m51VN6Rj9YqcUCls2A==",
      "dev": true,
      "dependencies": {
        "@types/node": "4.0.*"
      }
    },
    "node_modules/@types/java/node_modules/@types/node": {
      "version": "4.0.48",
      "resolved": "https://registry.npmjs.org/@types/node/-/node-4.0.48.tgz",
      "integrity": "sha512-cTtoXQrP6iG3GRSJgMRxqaz5wPPJNUjGAi4GukDluPng4YNJoAX7Twtu63vR1oM7mgSFFSjjf633ox/MaFj0sQ==",
      "dev": true
    },
    "node_modules/@types/long": {
      "version": "3.0.32",
      "resolved": "https://registry.npmjs.org/@types/long/-/long-3.0.32.tgz",
      "integrity": "sha512-ZXyOOm83p7X8p3s0IYM3VeueNmHpkk/yMlP8CLeOnEcu6hIwPH7YjZBvhQkR0ZFS2DqZAxKtJ/M5fcuv3OU5BA==",
      "dev": true
    },
    "node_modules/@types/node": {
      "version": "18.17.1",
      "resolved": "https://registry.npmjs.org/@types/node/-/node-18.17.1.tgz",
      "integrity": "sha512-xlR1jahfizdplZYRU59JlUx9uzF1ARa8jbhM11ccpCJya8kvos5jwdm2ZAgxSCwOl0fq21svP18EVwPBXMQudw==",
      "dev": true
    },
    "node_modules/@xmcl/asm": {
      "version": "1.0.0",
      "resolved": "https://registry.npmjs.org/@xmcl/asm/-/asm-1.0.0.tgz",
      "integrity": "sha512-SuBiH81aMYLYEpRJ1WzZ7aOq6yHVoN5YRGDsFxcXOSWkqfutdZGzlNC1vTEFzoAZoc9bLBWfSRlI5JdeYCQlFA==",
      "engines": {
        "node": ">=16"
      }
    },
    "node_modules/adm-zip": {
      "version": "0.5.10",
      "resolved": "https://registry.npmjs.org/adm-zip/-/adm-zip-0.5.10.tgz",
      "integrity": "sha512-x0HvcHqVJNTPk/Bw8JbLWlWoo6Wwnsug0fnYYro1HBrjxZ3G7/AZk7Ahv8JwDe1uIcz8eBqvu86FuF1POiG7vQ==",
      "engines": {
        "node": ">=6.0"
      }
    },
    "node_modules/antlr4": {
      "version": "4.13.0",
      "resolved": "https://registry.npmjs.org/antlr4/-/antlr4-4.13.0.tgz",
      "integrity": "sha512-zooUbt+UscjnWyOrsuY/tVFL4rwrAGwOivpQmvmUDE22hy/lUA467Rc1rcixyRwcRUIXFYBwv7+dClDSHdmmew==",
      "engines": {
        "node": ">=16"
      }
    },
    "node_modules/antlr4-c3": {
      "version": "3.0.1",
      "resolved": "https://registry.npmjs.org/antlr4-c3/-/antlr4-c3-3.0.1.tgz",
      "integrity": "sha512-Vbizas0WK4Id6l1f48ANYHFZgfzmj82LZx4OuB/a87vCpyoUwofrlJ+sCiL1qT/D2SWf8HEcBPCsgskdx8NnzQ==",
      "dependencies": {
        "antlr4ts": "0.5.0-alpha.4"
      }
    },
    "node_modules/antlr4ts": {
      "version": "0.5.0-alpha.4",
      "resolved": "https://registry.npmjs.org/antlr4ts/-/antlr4ts-0.5.0-alpha.4.tgz",
      "integrity": "sha512-WPQDt1B74OfPv/IMS2ekXAKkTZIHl88uMetg6q3OTqgFxZ/dxDXI0EWLyZid/1Pe6hTftyg5N7gel5wNAGxXyQ=="
    },
    "node_modules/bytebuffer": {
      "version": "5.0.1",
      "resolved": "https://registry.npmjs.org/bytebuffer/-/bytebuffer-5.0.1.tgz",
      "integrity": "sha512-IuzSdmADppkZ6DlpycMkm8l9zeEq16fWtLvunEwFiYciR/BHo4E8/xs5piFquG+Za8OWmMqHF8zuRviz2LHvRQ==",
      "dependencies": {
        "long": "~3"
      },
      "engines": {
        "node": ">=0.8"
      }
    },
    "node_modules/java-class-tools": {
      "version": "1.3.2",
      "resolved": "https://registry.npmjs.org/java-class-tools/-/java-class-tools-1.3.2.tgz",
      "integrity": "sha512-N7UfGVf41Has7JvwoVSIWb6GIKKh7IYf/NA53lvDuzExQSIZsmr7MZ53re79xXWmImlwdVy6S8xpKiV5Xu9/AA==",
      "dependencies": {
        "bytebuffer": "^5.0.1"
      }
    },
    "node_modules/long": {
      "version": "3.2.0",
      "resolved": "https://registry.npmjs.org/long/-/long-3.2.0.tgz",
      "integrity": "sha512-ZYvPPOMqUwPoDsbJaR10iQJYnMuZhRTvHYl62ErLIEX7RgFlziSBUUvrt3OVfc47QlHHpzPZYP17g3Fv7oeJkg==",
      "engines": {
        "node": ">=0.6"
      }
    },
    "node_modules/rxjs": {
      "version": "6.6.3",
      "resolved": "https://registry.npmjs.org/rxjs/-/rxjs-6.6.3.tgz",
      "integrity": "sha512-trsQc+xYYXZ3urjOiJOuCOa5N3jAZ3eiSpQB5hIT8zGlL2QfnHLJ2r7GMkBGuIausdJN1OneaI6gQlsqNHHmZQ==",
      "dependencies": {
        "tslib": "^1.9.0"
      },
      "engines": {
        "npm": ">=2.0.0"
      }
    },
    "node_modules/tslib": {
      "version": "1.14.1",
      "resolved": "https://registry.npmjs.org/tslib/-/tslib-1.14.1.tgz",
      "integrity": "sha512-Xni35NKzjgMrwevysHTCArtLDpPvye8zV/0E4EyYn43P7/7qvQwPh9BGkHewbMulVntbigmcT7rdX3BNo9wRJg=="
    },
    "node_modules/vscode-jsonrpc": {
      "version": "8.2.0-next.1",
      "resolved": "https://registry.npmjs.org/vscode-jsonrpc/-/vscode-jsonrpc-8.2.0-next.1.tgz",
      "integrity": "sha512-ll0236BDotEW43KLbed8XaRBlEbjFjN76OPIpANYW/heqsjXFNHl/TxDLMgImOsyhJKGVwIavNW4S7KRXJHZUw==",
      "engines": {
        "node": ">=14.0.0"
      }
    },
    "node_modules/vscode-languageserver": {
      "version": "8.2.0-next.2",
      "resolved": "https://registry.npmjs.org/vscode-languageserver/-/vscode-languageserver-8.2.0-next.2.tgz",
      "integrity": "sha512-pSSUvBKT05s3HDaoMDH7bg7qo0FXNXVZ1KpWA5gZxNG2IBSgITGq0h6QRzrgFCDzLfsbmia/V/YDs9wzKlntjA==",
      "dependencies": {
        "vscode-languageserver-protocol": "3.17.4-next.2"
      },
      "bin": {
        "installServerIntoExtension": "bin/installServerIntoExtension"
      }
    },
    "node_modules/vscode-languageserver-protocol": {
      "version": "3.17.4-next.2",
      "resolved": "https://registry.npmjs.org/vscode-languageserver-protocol/-/vscode-languageserver-protocol-3.17.4-next.2.tgz",
      "integrity": "sha512-dnUJ6OTttMsHuGEOv621bqr1lRb8pdHgW+wjaMFXeDjkNkTU62x2WTFbd/mwhdvRYx2sTPKeRUcSQWTDtpFwkA==",
      "dependencies": {
        "vscode-jsonrpc": "8.2.0-next.1",
        "vscode-languageserver-types": "3.17.4-next.1"
      }
    },
    "node_modules/vscode-languageserver-textdocument": {
      "version": "1.0.10",
      "resolved": "https://registry.npmjs.org/vscode-languageserver-textdocument/-/vscode-languageserver-textdocument-1.0.10.tgz",
      "integrity": "sha512-dPA6WqtAQJ/Iopm0Hrj11VvaKxsEcm62jpqyaYbY0xuvUffeWAn77f3VKr2SCsJphSyEw4Fjkjqm2gQ24KQfrA=="
    },
    "node_modules/vscode-languageserver-types": {
      "version": "3.17.4-next.1",
      "resolved": "https://registry.npmjs.org/vscode-languageserver-types/-/vscode-languageserver-types-3.17.4-next.1.tgz",
      "integrity": "sha512-dPNnvCzDAHiGIepFXrE9q15KITSvunm4ETqTQ504Oj8JqVd61sOeohHKyQ7jZx4imKJCTR3l0Q9KJui5WoE2OQ=="
    }
  }
}
